// !$*UTF8*$!
{
	archiveVersion = 1;
	classes = {
	};
	objectVersion = 60;
	objects = {

/* Begin PBXBuildFile section */
		0ACC2E80B1B907489CCEBD81 /* ScanCategory.swift in Sources */ = {isa = PBXBuildFile; fileRef = 33CA5D98286AAFC39089D192 /* ScanCategory.swift */; };
		166E7AE84344FBAB5AD1C9F9 /* StatisticsViewModel.swift in Sources */ = {isa = PBXBuildFile; fileRef = DBB3D3DBC07F5B9230D619D7 /* StatisticsViewModel.swift */; };
		2AE1AD4344C58C6C3E0F7361 /* StatisticsDashboardView.swift in Sources */ = {isa = PBXBuildFile; fileRef = DE390854792BA968AECF74C9 /* StatisticsDashboardView.swift */; };
		2C21F26370DF86D75C9BF1B2 /* TemplateManager.swift in Sources */ = {isa = PBXBuildFile; fileRef = B4B3E1E2880A03A5B6CACD67 /* TemplateManager.swift */; };
		62B7CFE138A37082BE07B744 /* StatisticsManager.swift in Sources */ = {isa = PBXBuildFile; fileRef = ECEB8560AC36161FD5AA50E5 /* StatisticsManager.swift */; };
		6623F13C4FF2DC971E32B88D /* ScanSession.swift in Sources */ = {isa = PBXBuildFile; fileRef = 6C896A4F2773A4493E951B17 /* ScanSession.swift */; };
		A0F5EE1F2F2469DB000FC358 /* Sparkle in Frameworks */ = {isa = PBXBuildFile; productRef = A0F5EE1E2F2469DB000FC358 /* Sparkle */; };
		AA0000010000000000000001 /* MacOSAIDiskCleanerApp.swift in Sources */ = {isa = PBXBuildFile; fileRef = AA0001010000000000000001 /* MacOSAIDiskCleanerApp.swift */; };
		AA0000020000000000000002 /* ScannedItem.swift in Sources */ = {isa = PBXBuildFile; fileRef = AA0001010000000000000002 /* ScannedItem.swift */; };
		AA0000030000000000000003 /* BatchUpdater.swift in Sources */ = {isa = PBXBuildFile; fileRef = AA0001010000000000000003 /* BatchUpdater.swift */; };
		AA0000040000000000000004 /* PermissionManager.swift in Sources */ = {isa = PBXBuildFile; fileRef = AA0001010000000000000004 /* PermissionManager.swift */; };
		AA0000050000000000000005 /* FileScanner.swift in Sources */ = {isa = PBXBuildFile; fileRef = AA0001010000000000000005 /* FileScanner.swift */; };
		AA0000060000000000000006 /* DiskCleanerViewModel.swift in Sources */ = {isa = PBXBuildFile; fileRef = AA0001010000000000000006 /* DiskCleanerViewModel.swift */; };
		AA0000070000000000000007 /* MainView.swift in Sources */ = {isa = PBXBuildFile; fileRef = AA0001010000000000000007 /* MainView.swift */; };
		AA0000080000000000000008 /* PermissionOnboardingView.swift in Sources */ = {isa = PBXBuildFile; fileRef = AA0001010000000000000008 /* PermissionOnboardingView.swift */; };
		AA0000090000000000000009 /* DiskUsageHeaderView.swift in Sources */ = {isa = PBXBuildFile; fileRef = AA0001010000000000000009 /* DiskUsageHeaderView.swift */; };
		AA00000A000000000000000A /* Assets.xcassets in Resources */ = {isa = PBXBuildFile; fileRef = AA000101000000000000000A /* Assets.xcassets */; };
		AA00000B000000000000000B /* ScannerTests.swift in Sources */ = {isa = PBXBuildFile; fileRef = AA0002010000000000000001 /* ScannerTests.swift */; };
		AA00000C000000000000000C /* DiskCleanerError.swift in Sources */ = {isa = PBXBuildFile; fileRef = AA000101000000000000000C /* DiskCleanerError.swift */; };
		AA00000D000000000000000D /* Logger.swift in Sources */ = {isa = PBXBuildFile; fileRef = AA000101000000000000000D /* Logger.swift */; };
		AA00000E000000000000000E /* PrivacyInfo.xcprivacy in Resources */ = {isa = PBXBuildFile; fileRef = AA000101000000000000000E /* PrivacyInfo.xcprivacy */; };
		AA00000F000000000000000F /* RiskLevel.swift in Sources */ = {isa = PBXBuildFile; fileRef = AA000101000000000000000F /* RiskLevel.swift */; };
		AA0000100000000000000014 /* CleanupRule.swift in Sources */ = {isa = PBXBuildFile; fileRef = AA0001010000000000000010 /* CleanupRule.swift */; };
		AA0000110000000000000015 /* RuleMatch.swift in Sources */ = {isa = PBXBuildFile; fileRef = AA0001010000000000000011 /* RuleMatch.swift */; };
		AA0000120000000000000016 /* RuleMatcher.swift in Sources */ = {isa = PBXBuildFile; fileRef = AA0001010000000000000012 /* RuleMatcher.swift */; };
		AA0000130000000000000017 /* BuiltInRules.swift in Sources */ = {isa = PBXBuildFile; fileRef = AA0001010000000000000013 /* BuiltInRules.swift */; };
		AA0000140000000000000018 /* RuleTests.swift in Sources */ = {isa = PBXBuildFile; fileRef = AA0002010000000000000003 /* RuleTests.swift */; };
		AA0000150000000000000019 /* AnalysisContext.swift in Sources */ = {isa = PBXBuildFile; fileRef = AA0001010000000000000014 /* AnalysisContext.swift */; };
		AA000016000000000000001A /* PromptTemplate.swift in Sources */ = {isa = PBXBuildFile; fileRef = AA0001010000000000000015 /* PromptTemplate.swift */; };
		AA000017000000000000001B /* PathSanitizer.swift in Sources */ = {isa = PBXBuildFile; fileRef = AA0001010000000000000016 /* PathSanitizer.swift */; };
		AA000018000000000000001C /* Templates.swift in Sources */ = {isa = PBXBuildFile; fileRef = AA0001010000000000000017 /* Templates.swift */; };
		AA000019000000000000001D /* PromptManager.swift in Sources */ = {isa = PBXBuildFile; fileRef = AA0001010000000000000018 /* PromptManager.swift */; };
		AA00001A000000000000001E /* PromptTests.swift in Sources */ = {isa = PBXBuildFile; fileRef = AA0002010000000000000004 /* PromptTests.swift */; };
		AA0002020000000000000005 /* StatisticsManagerTests.swift in Sources */ = {isa = PBXBuildFile; fileRef = AA0002010000000000000005 /* StatisticsManagerTests.swift */; };
		AA0002020000000000000006 /* ScanCategoryTests.swift in Sources */ = {isa = PBXBuildFile; fileRef = AA0002010000000000000006 /* ScanCategoryTests.swift */; };
		AA0002020000000000000007 /* ScanSessionTests.swift in Sources */ = {isa = PBXBuildFile; fileRef = AA0002010000000000000007 /* ScanSessionTests.swift */; };
		AA0002020000000000000008 /* CategoryManagerTests.swift in Sources */ = {isa = PBXBuildFile; fileRef = AA0002010000000000000008 /* CategoryManagerTests.swift */; };
		AA0002020000000000000009 /* TemplateManagerTests.swift in Sources */ = {isa = PBXBuildFile; fileRef = AA0002010000000000000009 /* TemplateManagerTests.swift */; };
		AA000202000000000000000A /* CandidateItemTests.swift in Sources */ = {isa = PBXBuildFile; fileRef = AA000201000000000000000A /* CandidateItemTests.swift */; };
		AA00001B000000000000001F /* AIModels.swift in Sources */ = {isa = PBXBuildFile; fileRef = AA0001010000000000000019 /* AIModels.swift */; };
		AA00001C0000000000000020 /* KeychainManager.swift in Sources */ = {isa = PBXBuildFile; fileRef = AA000101000000000000001A /* KeychainManager.swift */; };
		AA00001D0000000000000021 /* AIRequestQueue.swift in Sources */ = {isa = PBXBuildFile; fileRef = AA000101000000000000001B /* AIRequestQueue.swift */; };
		AA00001E0000000000000022 /* AIAnalysisCache.swift in Sources */ = {isa = PBXBuildFile; fileRef = AA000101000000000000001C /* AIAnalysisCache.swift */; };
		AA00001F0000000000000023 /* LLMClient.swift in Sources */ = {isa = PBXBuildFile; fileRef = AA000101000000000000001D /* LLMClient.swift */; };
		AA0000200000000000000024 /* SettingsViewModel.swift in Sources */ = {isa = PBXBuildFile; fileRef = AA000101000000000000001E /* SettingsViewModel.swift */; };
		AA0000210000000000000025 /* SettingsView.swift in Sources */ = {isa = PBXBuildFile; fileRef = AA000101000000000000001F /* SettingsView.swift */; };
		AA0000220000000000000026 /* AIAnalyzer.swift in Sources */ = {isa = PBXBuildFile; fileRef = AA0001010000000000000020 /* AIAnalyzer.swift */; };
		AA0000230000000000000027 /* CandidateItem.swift in Sources */ = {isa = PBXBuildFile; fileRef = AA0001010000000000000021 /* CandidateItem.swift */; };
		AA0000240000000000000028 /* TrashRecord.swift in Sources */ = {isa = PBXBuildFile; fileRef = AA0001010000000000000022 /* TrashRecord.swift */; };
		AA0000250000000000000029 /* AuditLog.swift in Sources */ = {isa = PBXBuildFile; fileRef = AA0001010000000000000023 /* AuditLog.swift */; };
		AA000026000000000000002A /* TrashManager.swift in Sources */ = {isa = PBXBuildFile; fileRef = AA0001010000000000000024 /* TrashManager.swift */; };
		AA000027000000000000002B /* UpdateManager.swift in Sources */ = {isa = PBXBuildFile; fileRef = AA0001010000000000000025 /* UpdateManager.swift */; };
		AA000028000000000000002C /* AuditLogView.swift in Sources */ = {isa = PBXBuildFile; fileRef = AA0001010000000000000026 /* AuditLogView.swift */; };
		B68C725B9CF124F5D47A2FCD /* CleanupStatistics.swift in Sources */ = {isa = PBXBuildFile; fileRef = 32C9CFB160427C98CC3BB45B /* CleanupStatistics.swift */; };
		E28C6B6D141598540A4365CA /* CategoryManager.swift in Sources */ = {isa = PBXBuildFile; fileRef = 818864312CBD38A592D45622 /* CategoryManager.swift */; };
/* End PBXBuildFile section */

/* Begin PBXContainerItemProxy section */
		AA0003000000000000000001 /* PBXContainerItemProxy */ = {
			isa = PBXContainerItemProxy;
			containerPortal = AA0000000000000000000000 /* Project object */;
			proxyType = 1;
			remoteGlobalIDString = AA0000100000000000000010;
			remoteInfo = MacOSAIDiskCleaner;
		};
/* End PBXContainerItemProxy section */

/* Begin PBXFileReference section */
		32C9CFB160427C98CC3BB45B /* CleanupStatistics.swift */ = {isa = PBXFileReference; includeInIndex = 1; lastKnownFileType = sourcecode.swift; path = CleanupStatistics.swift; sourceTree = "<group>"; };
		33CA5D98286AAFC39089D192 /* ScanCategory.swift */ = {isa = PBXFileReference; includeInIndex = 1; lastKnownFileType = sourcecode.swift; path = ScanCategory.swift; sourceTree = "<group>"; };
		6C896A4F2773A4493E951B17 /* ScanSession.swift */ = {isa = PBXFileReference; includeInIndex = 1; lastKnownFileType = sourcecode.swift; path = ScanSession.swift; sourceTree = "<group>"; };
		818864312CBD38A592D45622 /* CategoryManager.swift */ = {isa = PBXFileReference; includeInIndex = 1; lastKnownFileType = sourcecode.swift; path = CategoryManager.swift; sourceTree = "<group>"; };
		AA0001010000000000000001 /* MacOSAIDiskCleanerApp.swift */ = {isa = PBXFileReference; lastKnownFileType = sourcecode.swift; path = MacOSAIDiskCleanerApp.swift; sourceTree = "<group>"; };
		AA0001010000000000000002 /* ScannedItem.swift */ = {isa = PBXFileReference; lastKnownFileType = sourcecode.swift; path = ScannedItem.swift; sourceTree = "<group>"; };
		AA0001010000000000000003 /* BatchUpdater.swift */ = {isa = PBXFileReference; lastKnownFileType = sourcecode.swift; path = BatchUpdater.swift; sourceTree = "<group>"; };
		AA0001010000000000000004 /* PermissionManager.swift */ = {isa = PBXFileReference; lastKnownFileType = sourcecode.swift; path = Core/Permissions/PermissionManager.swift; sourceTree = "<group>"; };
		AA0001010000000000000005 /* FileScanner.swift */ = {isa = PBXFileReference; lastKnownFileType = sourcecode.swift; path = Features/Scanner/FileScanner.swift; sourceTree = "<group>"; };
		AA0001010000000000000006 /* DiskCleanerViewModel.swift */ = {isa = PBXFileReference; lastKnownFileType = sourcecode.swift; path = DiskCleanerViewModel.swift; sourceTree = "<group>"; };
		AA0001010000000000000007 /* MainView.swift */ = {isa = PBXFileReference; lastKnownFileType = sourcecode.swift; path = MainView.swift; sourceTree = "<group>"; };
		AA0001010000000000000008 /* PermissionOnboardingView.swift */ = {isa = PBXFileReference; lastKnownFileType = sourcecode.swift; path = PermissionOnboardingView.swift; sourceTree = "<group>"; };
		AA0001010000000000000009 /* DiskUsageHeaderView.swift */ = {isa = PBXFileReference; lastKnownFileType = sourcecode.swift; path = DiskUsageHeaderView.swift; sourceTree = "<group>"; };
		AA000101000000000000000A /* Assets.xcassets */ = {isa = PBXFileReference; lastKnownFileType = folder.assetcatalog; path = Assets.xcassets; sourceTree = "<group>"; };
		AA000101000000000000000B /* Info.plist */ = {isa = PBXFileReference; lastKnownFileType = text.plist.xml; path = Info.plist; sourceTree = "<group>"; };
		AA000101000000000000000C /* DiskCleanerError.swift */ = {isa = PBXFileReference; lastKnownFileType = sourcecode.swift; path = Core/Errors/DiskCleanerError.swift; sourceTree = "<group>"; };
		AA000101000000000000000D /* Logger.swift */ = {isa = PBXFileReference; lastKnownFileType = sourcecode.swift; path = Core/Logging/Logger.swift; sourceTree = "<group>"; };
		AA000101000000000000000E /* PrivacyInfo.xcprivacy */ = {isa = PBXFileReference; lastKnownFileType = text.xml; path = Config/PrivacyInfo.xcprivacy; sourceTree = "<group>"; };
		AA000101000000000000000F /* RiskLevel.swift */ = {isa = PBXFileReference; lastKnownFileType = sourcecode.swift; path = Features/Rules/RiskLevel.swift; sourceTree = "<group>"; };
		AA0001010000000000000010 /* CleanupRule.swift */ = {isa = PBXFileReference; lastKnownFileType = sourcecode.swift; path = Features/Rules/CleanupRule.swift; sourceTree = "<group>"; };
		AA0001010000000000000011 /* RuleMatch.swift */ = {isa = PBXFileReference; lastKnownFileType = sourcecode.swift; path = Features/Rules/RuleMatch.swift; sourceTree = "<group>"; };
		AA0001010000000000000012 /* RuleMatcher.swift */ = {isa = PBXFileReference; lastKnownFileType = sourcecode.swift; path = Features/Rules/RuleMatcher.swift; sourceTree = "<group>"; };
		AA0001010000000000000013 /* BuiltInRules.swift */ = {isa = PBXFileReference; lastKnownFileType = sourcecode.swift; path = Features/Rules/BuiltInRules.swift; sourceTree = "<group>"; };
		AA0001010000000000000014 /* AnalysisContext.swift */ = {isa = PBXFileReference; lastKnownFileType = sourcecode.swift; path = Features/AI/Prompts/AnalysisContext.swift; sourceTree = "<group>"; };
		AA0001010000000000000015 /* PromptTemplate.swift */ = {isa = PBXFileReference; lastKnownFileType = sourcecode.swift; path = Features/AI/Prompts/PromptTemplate.swift; sourceTree = "<group>"; };
		AA0001010000000000000016 /* PathSanitizer.swift */ = {isa = PBXFileReference; lastKnownFileType = sourcecode.swift; path = Features/AI/Prompts/PathSanitizer.swift; sourceTree = "<group>"; };
		AA0001010000000000000017 /* Templates.swift */ = {isa = PBXFileReference; lastKnownFileType = sourcecode.swift; path = Features/AI/Prompts/Templates.swift; sourceTree = "<group>"; };
		AA0001010000000000000018 /* PromptManager.swift */ = {isa = PBXFileReference; lastKnownFileType = sourcecode.swift; path = Features/AI/Prompts/PromptManager.swift; sourceTree = "<group>"; };
		AA0001010000000000000019 /* AIModels.swift */ = {isa = PBXFileReference; lastKnownFileType = sourcecode.swift; path = Features/AI/Client/AIModels.swift; sourceTree = "<group>"; };
		AA000101000000000000001A /* KeychainManager.swift */ = {isa = PBXFileReference; lastKnownFileType = sourcecode.swift; path = Features/AI/Client/KeychainManager.swift; sourceTree = "<group>"; };
		AA000101000000000000001B /* AIRequestQueue.swift */ = {isa = PBXFileReference; lastKnownFileType = sourcecode.swift; path = Features/AI/Client/AIRequestQueue.swift; sourceTree = "<group>"; };
		AA000101000000000000001C /* AIAnalysisCache.swift */ = {isa = PBXFileReference; lastKnownFileType = sourcecode.swift; path = Features/AI/Client/AIAnalysisCache.swift; sourceTree = "<group>"; };
		AA000101000000000000001D /* LLMClient.swift */ = {isa = PBXFileReference; lastKnownFileType = sourcecode.swift; path = Features/AI/Client/LLMClient.swift; sourceTree = "<group>"; };
		AA000101000000000000001E /* SettingsViewModel.swift */ = {isa = PBXFileReference; lastKnownFileType = sourcecode.swift; path = ViewModels/SettingsViewModel.swift; sourceTree = "<group>"; };
		AA000101000000000000001F /* SettingsView.swift */ = {isa = PBXFileReference; lastKnownFileType = sourcecode.swift; path = Views/SettingsView.swift; sourceTree = "<group>"; };
		AA0001010000000000000020 /* AIAnalyzer.swift */ = {isa = PBXFileReference; lastKnownFileType = sourcecode.swift; path = Features/AI/AIAnalyzer.swift; sourceTree = "<group>"; };
		AA0001010000000000000021 /* CandidateItem.swift */ = {isa = PBXFileReference; lastKnownFileType = sourcecode.swift; path = CandidateItem.swift; sourceTree = "<group>"; };
		AA0001010000000000000022 /* TrashRecord.swift */ = {isa = PBXFileReference; lastKnownFileType = sourcecode.swift; path = Features/Trash/TrashRecord.swift; sourceTree = "<group>"; };
		AA0001010000000000000023 /* AuditLog.swift */ = {isa = PBXFileReference; lastKnownFileType = sourcecode.swift; path = Features/Trash/AuditLog.swift; sourceTree = "<group>"; };
		AA0001010000000000000024 /* TrashManager.swift */ = {isa = PBXFileReference; lastKnownFileType = sourcecode.swift; path = Features/Trash/TrashManager.swift; sourceTree = "<group>"; };
		AA0001010000000000000025 /* UpdateManager.swift */ = {isa = PBXFileReference; lastKnownFileType = sourcecode.swift; path = Features/Updates/UpdateManager.swift; sourceTree = "<group>"; };
		AA0001010000000000000026 /* AuditLogView.swift */ = {isa = PBXFileReference; lastKnownFileType = sourcecode.swift; path = Views/AuditLogView.swift; sourceTree = "<group>"; };
		AA0002000000000000000000 /* MacOSAIDiskCleaner.app */ = {isa = PBXFileReference; explicitFileType = wrapper.application; path = MacOSAIDiskCleaner.app; sourceTree = BUILT_PRODUCTS_DIR; };
		AA0002010000000000000000 /* MacOSAIDiskCleanerTests.xctest */ = {isa = PBXFileReference; explicitFileType = wrapper.cfbundle; path = MacOSAIDiskCleanerTests.xctest; sourceTree = BUILT_PRODUCTS_DIR; };
		AA0002010000000000000001 /* ScannerTests.swift */ = {isa = PBXFileReference; lastKnownFileType = sourcecode.swift; path = ScannerTests.swift; sourceTree = "<group>"; };
		AA0002010000000000000002 /* Info.plist */ = {isa = PBXFileReference; lastKnownFileType = text.plist.xml; path = Info.plist; sourceTree = "<group>"; };
		AA0002010000000000000003 /* RuleTests.swift */ = {isa = PBXFileReference; lastKnownFileType = sourcecode.swift; path = RuleTests.swift; sourceTree = "<group>"; };
		AA0002010000000000000004 /* PromptTests.swift */ = {isa = PBXFileReference; lastKnownFileType = sourcecode.swift; path = PromptTests.swift; sourceTree = "<group>"; };
		AA0002010000000000000005 /* StatisticsManagerTests.swift */ = {isa = PBXFileReference; lastKnownFileType = sourcecode.swift; path = StatisticsManagerTests.swift; sourceTree = "<group>"; };
		AA0002010000000000000006 /* ScanCategoryTests.swift */ = {isa = PBXFileReference; lastKnownFileType = sourcecode.swift; path = ScanCategoryTests.swift; sourceTree = "<group>"; };
		AA0002010000000000000007 /* ScanSessionTests.swift */ = {isa = PBXFileReference; lastKnownFileType = sourcecode.swift; path = ScanSessionTests.swift; sourceTree = "<group>"; };
		AA0002010000000000000008 /* CategoryManagerTests.swift */ = {isa = PBXFileReference; lastKnownFileType = sourcecode.swift; path = CategoryManagerTests.swift; sourceTree = "<group>"; };
		AA0002010000000000000009 /* TemplateManagerTests.swift */ = {isa = PBXFileReference; lastKnownFileType = sourcecode.swift; path = TemplateManagerTests.swift; sourceTree = "<group>"; };
		AA000201000000000000000A /* CandidateItemTests.swift */ = {isa = PBXFileReference; lastKnownFileType = sourcecode.swift; path = CandidateItemTests.swift; sourceTree = "<group>"; };
		B4B3E1E2880A03A5B6CACD67 /* TemplateManager.swift */ = {isa = PBXFileReference; includeInIndex = 1; lastKnownFileType = sourcecode.swift; path = Features/AI/Prompts/TemplateManager.swift; sourceTree = "<group>"; };
		DBB3D3DBC07F5B9230D619D7 /* StatisticsViewModel.swift */ = {isa = PBXFileReference; includeInIndex = 1; lastKnownFileType = sourcecode.swift; path = StatisticsViewModel.swift; sourceTree = "<group>"; };
		DE390854792BA968AECF74C9 /* StatisticsDashboardView.swift */ = {isa = PBXFileReference; includeInIndex = 1; lastKnownFileType = sourcecode.swift; path = StatisticsDashboardView.swift; sourceTree = "<group>"; };
		ECEB8560AC36161FD5AA50E5 /* StatisticsManager.swift */ = {isa = PBXFileReference; includeInIndex = 1; lastKnownFileType = sourcecode.swift; name = StatisticsManager.swift; path = Features/Statistics/StatisticsManager.swift; sourceTree = "<group>"; };
/* End PBXFileReference section */

/* Begin PBXFrameworksBuildPhase section */
		AA0000120000000000000012 /* Frameworks */ = {
			isa = PBXFrameworksBuildPhase;
			buildActionMask = 2147483647;
			files = (
				A0F5EE1F2F2469DB000FC358 /* Sparkle in Frameworks */,
			);
			runOnlyForDeploymentPostprocessing = 0;
		};
		AA0000220000000000000022 /* Frameworks */ = {
			isa = PBXFrameworksBuildPhase;
			buildActionMask = 2147483647;
			files = (
			);
			runOnlyForDeploymentPostprocessing = 0;
		};
/* End PBXFrameworksBuildPhase section */

/* Begin PBXGroup section */
		641680D455CD3E3600097AE0 /* Categories */ = {
			isa = PBXGroup;
			children = (
				818864312CBD38A592D45622 /* CategoryManager.swift */,
			);
			name = Categories;
			path = Features/Categories;
			sourceTree = "<group>";
		};
		AA0000F000000000000000F0 = {
			isa = PBXGroup;
			children = (
				AA0000F100000000000000F1 /* MacOSAIDiskCleaner */,
				AA0000F200000000000000F2 /* MacOSAIDiskCleanerTests */,
				AA0000FF00000000000000FF /* Products */,
			);
			sourceTree = "<group>";
		};
		AA0000F100000000000000F1 /* MacOSAIDiskCleaner */ = {
			isa = PBXGroup;
			children = (
				AA0001010000000000000001 /* MacOSAIDiskCleanerApp.swift */,
				AA0000F11000000000000010 /* Models */,
				AA0000F12000000000000020 /* ViewModels */,
				AA0000F13000000000000030 /* Views */,
				AA0000F14000000000000040 /* Services */,
				AA0000F15000000000000050 /* Utils */,
				AA000101000000000000000A /* Assets.xcassets */,
				AA000101000000000000000C /* DiskCleanerError.swift */,
				AA000101000000000000000D /* Logger.swift */,
				AA000101000000000000000E /* PrivacyInfo.xcprivacy */,
				AA000101000000000000000F /* RiskLevel.swift */,
				AA0001010000000000000010 /* CleanupRule.swift */,
				AA0001010000000000000011 /* RuleMatch.swift */,
				AA0001010000000000000012 /* RuleMatcher.swift */,
				AA0001010000000000000013 /* BuiltInRules.swift */,
				AA0001010000000000000014 /* AnalysisContext.swift */,
				AA0001010000000000000015 /* PromptTemplate.swift */,
				AA0001010000000000000016 /* PathSanitizer.swift */,
				AA0001010000000000000017 /* Templates.swift */,
				AA0001010000000000000018 /* PromptManager.swift */,
				AA0001010000000000000019 /* AIModels.swift */,
				AA000101000000000000001A /* KeychainManager.swift */,
				AA000101000000000000001B /* AIRequestQueue.swift */,
				AA000101000000000000001C /* AIAnalysisCache.swift */,
				AA000101000000000000001D /* LLMClient.swift */,
				AA000101000000000000001E /* SettingsViewModel.swift */,
				AA000101000000000000001F /* SettingsView.swift */,
				AA0001010000000000000020 /* AIAnalyzer.swift */,
				AA0001010000000000000022 /* TrashRecord.swift */,
				AA0001010000000000000023 /* AuditLog.swift */,
				AA0001010000000000000024 /* TrashManager.swift */,
				AA0001010000000000000025 /* UpdateManager.swift */,
				AA0001010000000000000026 /* AuditLogView.swift */,
				AA000101000000000000000B /* Info.plist */,
				641680D455CD3E3600097AE0 /* Categories */,
				B4B3E1E2880A03A5B6CACD67 /* TemplateManager.swift */,
				ECEB8560AC36161FD5AA50E5 /* StatisticsManager.swift */,
			);
			path = MacOSAIDiskCleaner;
			sourceTree = "<group>";
		};
		AA0000F11000000000000010 /* Models */ = {
			isa = PBXGroup;
			children = (
				AA0001010000000000000002 /* ScannedItem.swift */,
				AA0001010000000000000021 /* CandidateItem.swift */,
				33CA5D98286AAFC39089D192 /* ScanCategory.swift */,
				6C896A4F2773A4493E951B17 /* ScanSession.swift */,
				E76470884A5B4DA1DA072DA9 /* Statistics */,
			);
			path = Models;
			sourceTree = "<group>";
		};
		AA0000F12000000000000020 /* ViewModels */ = {
			isa = PBXGroup;
			children = (
				AA0001010000000000000006 /* DiskCleanerViewModel.swift */,
				DBB3D3DBC07F5B9230D619D7 /* StatisticsViewModel.swift */,
			);
			path = ViewModels;
			sourceTree = "<group>";
		};
		AA0000F13000000000000030 /* Views */ = {
			isa = PBXGroup;
			children = (
				AA0001010000000000000007 /* MainView.swift */,
				AA0001010000000000000008 /* PermissionOnboardingView.swift */,
				AA0001010000000000000009 /* DiskUsageHeaderView.swift */,
				DE390854792BA968AECF74C9 /* StatisticsDashboardView.swift */,
			);
			path = Views;
			sourceTree = "<group>";
		};
		AA0000F14000000000000040 /* Services */ = {
			isa = PBXGroup;
			children = (
				AA0001010000000000000004 /* PermissionManager.swift */,
				AA0001010000000000000005 /* FileScanner.swift */,
			);
			name = Services;
			sourceTree = "<group>";
		};
		AA0000F15000000000000050 /* Utils */ = {
			isa = PBXGroup;
			children = (
				AA0001010000000000000003 /* BatchUpdater.swift */,
			);
			path = Utils;
			sourceTree = "<group>";
		};
		AA0000F200000000000000F2 /* MacOSAIDiskCleanerTests */ = {
			isa = PBXGroup;
			children = (
				AA0002010000000000000001 /* ScannerTests.swift */,
				AA0002010000000000000003 /* RuleTests.swift */,
				AA0002010000000000000004 /* PromptTests.swift */,
				AA0002010000000000000005 /* StatisticsManagerTests.swift */,
				AA0002010000000000000006 /* ScanCategoryTests.swift */,
				AA0002010000000000000007 /* ScanSessionTests.swift */,
				AA0002010000000000000008 /* CategoryManagerTests.swift */,
				AA0002010000000000000009 /* TemplateManagerTests.swift */,
				AA000201000000000000000A /* CandidateItemTests.swift */,
				AA0002010000000000000002 /* Info.plist */,
			);
			path = MacOSAIDiskCleanerTests;
			sourceTree = "<group>";
		};
		AA0000FF00000000000000FF /* Products */ = {
			isa = PBXGroup;
			children = (
				AA0002000000000000000000 /* MacOSAIDiskCleaner.app */,
				AA0002010000000000000000 /* MacOSAIDiskCleanerTests.xctest */,
			);
			name = Products;
			sourceTree = "<group>";
		};
		E76470884A5B4DA1DA072DA9 /* Statistics */ = {
			isa = PBXGroup;
			children = (
				32C9CFB160427C98CC3BB45B /* CleanupStatistics.swift */,
			);
			name = Statistics;
			path = Statistics;
			sourceTree = "<group>";
		};
/* End PBXGroup section */

/* Begin PBXNativeTarget section */
		AA0000100000000000000010 /* MacOSAIDiskCleaner */ = {
			isa = PBXNativeTarget;
			buildConfigurationList = AA0000400000000000000040 /* Build configuration list for PBXNativeTarget "MacOSAIDiskCleaner" */;
			buildPhases = (
				AA0000110000000000000011 /* Sources */,
				AA0000120000000000000012 /* Frameworks */,
				AA0000130000000000000013 /* Resources */,
			);
			buildRules = (
			);
			dependencies = (
			);
			name = MacOSAIDiskCleaner;
			productName = MacOSAIDiskCleaner;
			productReference = AA0002000000000000000000 /* MacOSAIDiskCleaner.app */;
			productType = "com.apple.product-type.application";
		};
		AA0000200000000000000020 /* MacOSAIDiskCleanerTests */ = {
			isa = PBXNativeTarget;
			buildConfigurationList = AA0000410000000000000041 /* Build configuration list for PBXNativeTarget "MacOSAIDiskCleanerTests" */;
			buildPhases = (
				AA0000210000000000000021 /* Sources */,
				AA0000220000000000000022 /* Frameworks */,
			);
			buildRules = (
			);
			dependencies = (
				AA0000300000000000000030 /* PBXTargetDependency */,
			);
			name = MacOSAIDiskCleanerTests;
			productName = MacOSAIDiskCleanerTests;
			productReference = AA0002010000000000000000 /* MacOSAIDiskCleanerTests.xctest */;
			productType = "com.apple.product-type.bundle.unit-test";
		};
/* End PBXNativeTarget section */

/* Begin PBXProject section */
		AA0000000000000000000000 /* Project object */ = {
			isa = PBXProject;
			attributes = {
				BuildIndependentTargetsInParallel = 1;
				LastSwiftUpdateCheck = 9999;
				LastUpgradeCheck = 2620;
				TargetAttributes = {
					AA0000100000000000000010 = {
						CreatedOnToolsVersion = 26.2;
					};
					AA0000200000000000000020 = {
						CreatedOnToolsVersion = 26.2;
						TestTargetID = AA0000100000000000000010;
					};
				};
			};
			buildConfigurationList = AA0000420000000000000042 /* Build configuration list for PBXProject "MacOSAIDiskCleaner" */;
			compatibilityVersion = "Xcode 13.0";
			developmentRegion = zh_CN;
			hasScannedForEncodings = 0;
			knownRegions = (
				zh_CN,
				en,
				Base,
			);
			mainGroup = AA0000F000000000000000F0;
			packageReferences = (
				A0F5EE1D2F2469DB000FC358 /* XCLocalSwiftPackageReference "Sparkle" */,
			);
			productRefGroup = AA0000FF00000000000000FF /* Products */;
			projectDirPath = "";
			projectRoot = "";
			targets = (
				AA0000100000000000000010 /* MacOSAIDiskCleaner */,
				AA0000200000000000000020 /* MacOSAIDiskCleanerTests */,
			);
		};
/* End PBXProject section */

/* Begin PBXResourcesBuildPhase section */
		AA0000130000000000000013 /* Resources */ = {
			isa = PBXResourcesBuildPhase;
			buildActionMask = 2147483647;
			files = (
				AA00000A000000000000000A /* Assets.xcassets in Resources */,
				AA00000E000000000000000E /* PrivacyInfo.xcprivacy in Resources */,
			);
			runOnlyForDeploymentPostprocessing = 0;
		};
/* End PBXResourcesBuildPhase section */

/* Begin PBXSourcesBuildPhase section */
		AA0000110000000000000011 /* Sources */ = {
			isa = PBXSourcesBuildPhase;
			buildActionMask = 2147483647;
			files = (
				AA0000010000000000000001 /* MacOSAIDiskCleanerApp.swift in Sources */,
				AA0000020000000000000002 /* ScannedItem.swift in Sources */,
				AA0000030000000000000003 /* BatchUpdater.swift in Sources */,
				AA0000040000000000000004 /* PermissionManager.swift in Sources */,
				AA0000050000000000000005 /* FileScanner.swift in Sources */,
				AA0000060000000000000006 /* DiskCleanerViewModel.swift in Sources */,
				AA0000070000000000000007 /* MainView.swift in Sources */,
				AA0000080000000000000008 /* PermissionOnboardingView.swift in Sources */,
				AA0000090000000000000009 /* DiskUsageHeaderView.swift in Sources */,
				AA00000C000000000000000C /* DiskCleanerError.swift in Sources */,
				AA00000D000000000000000D /* Logger.swift in Sources */,
				AA00000F000000000000000F /* RiskLevel.swift in Sources */,
				AA0000100000000000000014 /* CleanupRule.swift in Sources */,
				AA0000110000000000000015 /* RuleMatch.swift in Sources */,
				AA0000120000000000000016 /* RuleMatcher.swift in Sources */,
				AA0000130000000000000017 /* BuiltInRules.swift in Sources */,
				AA0000150000000000000019 /* AnalysisContext.swift in Sources */,
				AA000016000000000000001A /* PromptTemplate.swift in Sources */,
				AA000017000000000000001B /* PathSanitizer.swift in Sources */,
				AA000018000000000000001C /* Templates.swift in Sources */,
				AA000019000000000000001D /* PromptManager.swift in Sources */,
				AA00001B000000000000001F /* AIModels.swift in Sources */,
				AA00001C0000000000000020 /* KeychainManager.swift in Sources */,
				AA00001D0000000000000021 /* AIRequestQueue.swift in Sources */,
				AA00001E0000000000000022 /* AIAnalysisCache.swift in Sources */,
				AA00001F0000000000000023 /* LLMClient.swift in Sources */,
				AA0000200000000000000024 /* SettingsViewModel.swift in Sources */,
				AA0000210000000000000025 /* SettingsView.swift in Sources */,
				AA0000220000000000000026 /* AIAnalyzer.swift in Sources */,
				AA0000230000000000000027 /* CandidateItem.swift in Sources */,
				AA0000240000000000000028 /* TrashRecord.swift in Sources */,
				AA0000250000000000000029 /* AuditLog.swift in Sources */,
				AA000026000000000000002A /* TrashManager.swift in Sources */,
				AA000027000000000000002B /* UpdateManager.swift in Sources */,
				AA000028000000000000002C /* AuditLogView.swift in Sources */,
				0ACC2E80B1B907489CCEBD81 /* ScanCategory.swift in Sources */,
				6623F13C4FF2DC971E32B88D /* ScanSession.swift in Sources */,
				B68C725B9CF124F5D47A2FCD /* CleanupStatistics.swift in Sources */,
				E28C6B6D141598540A4365CA /* CategoryManager.swift in Sources */,
				2C21F26370DF86D75C9BF1B2 /* TemplateManager.swift in Sources */,
				62B7CFE138A37082BE07B744 /* StatisticsManager.swift in Sources */,
				166E7AE84344FBAB5AD1C9F9 /* StatisticsViewModel.swift in Sources */,
				2AE1AD4344C58C6C3E0F7361 /* StatisticsDashboardView.swift in Sources */,
			);
			runOnlyForDeploymentPostprocessing = 0;
		};
		AA0000210000000000000021 /* Sources */ = {
			isa = PBXSourcesBuildPhase;
			buildActionMask = 2147483647;
			files = (
				AA00000B000000000000000B /* ScannerTests.swift in Sources */,
				AA0000140000000000000018 /* RuleTests.swift in Sources */,
				AA00001A000000000000001E /* PromptTests.swift in Sources */,
				AA0002020000000000000005 /* StatisticsManagerTests.swift in Sources */,
				AA0002020000000000000006 /* ScanCategoryTests.swift in Sources */,
				AA0002020000000000000007 /* ScanSessionTests.swift in Sources */,
				AA0002020000000000000008 /* CategoryManagerTests.swift in Sources */,
				AA0002020000000000000009 /* TemplateManagerTests.swift in Sources */,
				AA000202000000000000000A /* CandidateItemTests.swift in Sources */,
			);
			runOnlyForDeploymentPostprocessing = 0;
		};
/* End PBXSourcesBuildPhase section */

/* Begin PBXTargetDependency section */
		AA0000300000000000000030 /* PBXTargetDependency */ = {
			isa = PBXTargetDependency;
			target = AA0000100000000000000010 /* MacOSAIDiskCleaner */;
			targetProxy = AA0003000000000000000001 /* PBXContainerItemProxy */;
		};
/* End PBXTargetDependency section */

/* Begin XCBuildConfiguration section */
		AA0000500000000000000050 /* Debug */ = {
			isa = XCBuildConfiguration;
			buildSettings = {
				ALWAYS_SEARCH_USER_PATHS = NO;
				ASSETCATALOG_COMPILER_APPICON_NAME = AppIcon;
				AUTOMATION_APPLE_EVENTS = YES;
				CLANG_ENABLE_MODULES = YES;
				CLANG_ENABLE_OBJC_WEAK = YES;
				CODE_SIGN_ENTITLEMENTS = MacOSAIDiskCleaner/Config/MacOSAIDiskCleaner.entitlements;
				CODE_SIGN_STYLE = Automatic;
				COMBINE_HIDPI_IMAGES = YES;
				CURRENT_PROJECT_VERSION = 1;
				DEAD_CODE_STRIPPING = YES;
				ENABLE_APP_SANDBOX = NO;
				ENABLE_HARDENED_RUNTIME = YES;
				ENABLE_PREVIEWS = YES;
				ENABLE_TESTABILITY = YES;
				GENERATE_INFOPLIST_FILE = NO;
				INFOPLIST_FILE = MacOSAIDiskCleaner/Info.plist;
				LD_RUNPATH_SEARCH_PATHS = (
					"$(inherited)",
					"@executable_path/../Frameworks",
				);
				MACOSX_DEPLOYMENT_TARGET = 12.0;
				PRODUCT_BUNDLE_IDENTIFIER = com.niuyp.MacOSAIDiskCleaner;
				PRODUCT_NAME = "$(TARGET_NAME)";
				SDKROOT = macosx;
				SWIFT_OPTIMIZATION_LEVEL = "-Onone";
				SWIFT_VERSION = 6.0;
			};
			name = Debug;
		};
		AA0000510000000000000051 /* Release */ = {
			isa = XCBuildConfiguration;
			buildSettings = {
				ALWAYS_SEARCH_USER_PATHS = NO;
				ASSETCATALOG_COMPILER_APPICON_NAME = AppIcon;
				AUTOMATION_APPLE_EVENTS = YES;
				CLANG_ENABLE_MODULES = YES;
				CLANG_ENABLE_OBJC_WEAK = YES;
				CODE_SIGN_ENTITLEMENTS = MacOSAIDiskCleaner/Config/MacOSAIDiskCleaner.entitlements;
				CODE_SIGN_STYLE = Automatic;
				COMBINE_HIDPI_IMAGES = YES;
				CURRENT_PROJECT_VERSION = 1;
				DEAD_CODE_STRIPPING = YES;
				ENABLE_APP_SANDBOX = NO;
				ENABLE_HARDENED_RUNTIME = YES;
				ENABLE_PREVIEWS = YES;
				GENERATE_INFOPLIST_FILE = NO;
				INFOPLIST_FILE = MacOSAIDiskCleaner/Info.plist;
				LD_RUNPATH_SEARCH_PATHS = (
					"$(inherited)",
					"@executable_path/../Frameworks",
				);
				MACOSX_DEPLOYMENT_TARGET = 12.0;
				PRODUCT_BUNDLE_IDENTIFIER = com.niuyp.MacOSAIDiskCleaner;
				PRODUCT_NAME = "$(TARGET_NAME)";
				SDKROOT = macosx;
				SWIFT_VERSION = 6.0;
			};
			name = Release;
		};
		AA0000600000000000000060 /* Debug */ = {
			isa = XCBuildConfiguration;
			buildSettings = {
				BUNDLE_LOADER = "$(TEST_HOST)";
				CLANG_ENABLE_OBJC_WEAK = YES;
				CODE_SIGN_STYLE = Automatic;
				DEAD_CODE_STRIPPING = YES;
				GENERATE_INFOPLIST_FILE = NO;
				INFOPLIST_FILE = MacOSAIDiskCleanerTests/Info.plist;
				LD_RUNPATH_SEARCH_PATHS = (
					"$(inherited)",
					"@executable_path/../Frameworks",
					"@loader_path/../Frameworks",
				);
				MACOSX_DEPLOYMENT_TARGET = 12.0;
				PRODUCT_BUNDLE_IDENTIFIER = com.niuyp.MacOSAIDiskCleanerTests;
				PRODUCT_NAME = "$(TARGET_NAME)";
				SDKROOT = macosx;
				SWIFT_VERSION = 6.0;
				TEST_HOST = "$(BUILT_PRODUCTS_DIR)/MacOSAIDiskCleaner.app/Contents/MacOS/MacOSAIDiskCleaner";
			};
			name = Debug;
		};
		AA0000610000000000000061 /* Release */ = {
			isa = XCBuildConfiguration;
			buildSettings = {
				BUNDLE_LOADER = "$(TEST_HOST)";
				CLANG_ENABLE_OBJC_WEAK = YES;
				CODE_SIGN_STYLE = Automatic;
				DEAD_CODE_STRIPPING = YES;
				GENERATE_INFOPLIST_FILE = NO;
				INFOPLIST_FILE = MacOSAIDiskCleanerTests/Info.plist;
				LD_RUNPATH_SEARCH_PATHS = (
					"$(inherited)",
					"@executable_path/../Frameworks",
					"@loader_path/../Frameworks",
				);
				MACOSX_DEPLOYMENT_TARGET = 12.0;
				PRODUCT_BUNDLE_IDENTIFIER = com.niuyp.MacOSAIDiskCleanerTests;
				PRODUCT_NAME = "$(TARGET_NAME)";
				SDKROOT = macosx;
				SWIFT_VERSION = 6.0;
				TEST_HOST = "$(BUILT_PRODUCTS_DIR)/MacOSAIDiskCleaner.app/Contents/MacOS/MacOSAIDiskCleaner";
			};
			name = Release;
		};
		AA0000700000000000000070 /* Debug */ = {
			isa = XCBuildConfiguration;
			buildSettings = {
				ASSETCATALOG_COMPILER_GENERATE_SWIFT_ASSET_SYMBOL_EXTENSIONS = YES;
				CLANG_ANALYZER_LOCALIZABILITY_NONLOCALIZED = YES;
				CLANG_WARN_BLOCK_CAPTURE_AUTORELEASING = YES;
				CLANG_WARN_BOOL_CONVERSION = YES;
				CLANG_WARN_COMMA = YES;
				CLANG_WARN_CONSTANT_CONVERSION = YES;
				CLANG_WARN_DEPRECATED_OBJC_IMPLEMENTATIONS = YES;
				CLANG_WARN_EMPTY_BODY = YES;
				CLANG_WARN_ENUM_CONVERSION = YES;
				CLANG_WARN_INFINITE_RECURSION = YES;
				CLANG_WARN_INT_CONVERSION = YES;
				CLANG_WARN_NON_LITERAL_NULL_CONVERSION = YES;
				CLANG_WARN_OBJC_IMPLICIT_RETAIN_SELF = YES;
				CLANG_WARN_OBJC_LITERAL_CONVERSION = YES;
				CLANG_WARN_QUOTED_INCLUDE_IN_FRAMEWORK_HEADER = YES;
				CLANG_WARN_RANGE_LOOP_ANALYSIS = YES;
				CLANG_WARN_STRICT_PROTOTYPES = YES;
				CLANG_WARN_SUSPICIOUS_MOVE = YES;
				CLANG_WARN_UNREACHABLE_CODE = YES;
				CLANG_WARN__DUPLICATE_METHOD_MATCH = YES;
				CODE_SIGN_STYLE = Automatic;
				DEAD_CODE_STRIPPING = YES;
				ENABLE_STRICT_OBJC_MSGSEND = YES;
				ENABLE_TESTABILITY = YES;
				ENABLE_USER_SCRIPT_SANDBOXING = YES;
				GCC_NO_COMMON_BLOCKS = YES;
				GCC_WARN_64_TO_32_BIT_CONVERSION = YES;
				GCC_WARN_ABOUT_RETURN_TYPE = YES;
				GCC_WARN_UNDECLARED_SELECTOR = YES;
				GCC_WARN_UNINITIALIZED_AUTOS = YES;
				GCC_WARN_UNUSED_FUNCTION = YES;
				GCC_WARN_UNUSED_VARIABLE = YES;
				MACOSX_DEPLOYMENT_TARGET = 12.0;
				ONLY_ACTIVE_ARCH = YES;
				SDKROOT = macosx;
				STRING_CATALOG_GENERATE_SYMBOLS = YES;
				SWIFT_VERSION = 6.0;
			};
			name = Debug;
		};
		AA0000710000000000000071 /* Release */ = {
			isa = XCBuildConfiguration;
			buildSettings = {
				ASSETCATALOG_COMPILER_GENERATE_SWIFT_ASSET_SYMBOL_EXTENSIONS = YES;
				CLANG_ANALYZER_LOCALIZABILITY_NONLOCALIZED = YES;
				CLANG_WARN_BLOCK_CAPTURE_AUTORELEASING = YES;
				CLANG_WARN_BOOL_CONVERSION = YES;
				CLANG_WARN_COMMA = YES;
				CLANG_WARN_CONSTANT_CONVERSION = YES;
				CLANG_WARN_DEPRECATED_OBJC_IMPLEMENTATIONS = YES;
				CLANG_WARN_EMPTY_BODY = YES;
				CLANG_WARN_ENUM_CONVERSION = YES;
				CLANG_WARN_INFINITE_RECURSION = YES;
				CLANG_WARN_INT_CONVERSION = YES;
				CLANG_WARN_NON_LITERAL_NULL_CONVERSION = YES;
				CLANG_WARN_OBJC_IMPLICIT_RETAIN_SELF = YES;
				CLANG_WARN_OBJC_LITERAL_CONVERSION = YES;
				CLANG_WARN_QUOTED_INCLUDE_IN_FRAMEWORK_HEADER = YES;
				CLANG_WARN_RANGE_LOOP_ANALYSIS = YES;
				CLANG_WARN_STRICT_PROTOTYPES = YES;
				CLANG_WARN_SUSPICIOUS_MOVE = YES;
				CLANG_WARN_UNREACHABLE_CODE = YES;
				CLANG_WARN__DUPLICATE_METHOD_MATCH = YES;
				CODE_SIGN_STYLE = Automatic;
				DEAD_CODE_STRIPPING = YES;
				ENABLE_STRICT_OBJC_MSGSEND = YES;
				ENABLE_USER_SCRIPT_SANDBOXING = YES;
				GCC_NO_COMMON_BLOCKS = YES;
				GCC_WARN_64_TO_32_BIT_CONVERSION = YES;
				GCC_WARN_ABOUT_RETURN_TYPE = YES;
				GCC_WARN_UNDECLARED_SELECTOR = YES;
				GCC_WARN_UNINITIALIZED_AUTOS = YES;
				GCC_WARN_UNUSED_FUNCTION = YES;
				GCC_WARN_UNUSED_VARIABLE = YES;
				MACOSX_DEPLOYMENT_TARGET = 12.0;
				SDKROOT = macosx;
				STRING_CATALOG_GENERATE_SYMBOLS = YES;
				SWIFT_COMPILATION_MODE = wholemodule;
				SWIFT_VERSION = 6.0;
			};
			name = Release;
		};
/* End XCBuildConfiguration section */

/* Begin XCConfigurationList section */
		AA0000400000000000000040 /* Build configuration list for PBXNativeTarget "MacOSAIDiskCleaner" */ = {
			isa = XCConfigurationList;
			buildConfigurations = (
				AA0000500000000000000050 /* Debug */,
				AA0000510000000000000051 /* Release */,
			);
			defaultConfigurationIsVisible = 0;
			defaultConfigurationName = Release;
		};
		AA0000410000000000000041 /* Build configuration list for PBXNativeTarget "MacOSAIDiskCleanerTests" */ = {
			isa = XCConfigurationList;
			buildConfigurations = (
				AA0000600000000000000060 /* Debug */,
				AA0000610000000000000061 /* Release */,
			);
			defaultConfigurationIsVisible = 0;
			defaultConfigurationName = Release;
		};
		AA0000420000000000000042 /* Build configuration list for PBXProject "MacOSAIDiskCleaner" */ = {
			isa = XCConfigurationList;
			buildConfigurations = (
				AA0000700000000000000070 /* Debug */,
				AA0000710000000000000071 /* Release */,
			);
			defaultConfigurationIsVisible = 0;
			defaultConfigurationName = Release;
		};
/* End XCConfigurationList section */

/* Begin XCLocalSwiftPackageReference section */
		A0F5EE1D2F2469DB000FC358 /* XCLocalSwiftPackageReference "Sparkle" */ = {
			isa = XCLocalSwiftPackageReference;
			relativePath = ../Sparkle;
		};
/* End XCLocalSwiftPackageReference section */

/* Begin XCSwiftPackageProductDependency section */
		A0F5EE1E2F2469DB000FC358 /* Sparkle */ = {
			isa = XCSwiftPackageProductDependency;
			productName = Sparkle;
		};
/* End XCSwiftPackageProductDependency section */
	};
	rootObject = AA0000000000000000000000 /* Project object */;
}
